
Microsoft Visual Studio Solution File, Format Version 12.00
# Visual Studio Version 17
VisualStudioVersion = 17.0.31903.59
MinimumVisualStudioVersion = 10.0.40219.1
Project("{2150E333-8FDC-42A3-9474-1A3956D46DE8}") = "src", "src", "{A7DD3262-2D31-4C45-9735-B51ED86862CE}"
EndProject
Project("{FAE04EC0-301F-11D3-BF4B-00C04F79EFBC}") = "Sample.Api", "src\Sample.Api\Sample.Api.csproj", "{B10C089E-0F37-4D11-A097-293D7CED74EB}"
EndProject
Project("{2150E333-8FDC-42A3-9474-1A3956D46DE8}") = "tests", "tests", "{3A73CFF6-0F68-40FA-BD4D-298AEA0A0D17}"
EndProject
Project("{FAE04EC0-301F-11D3-BF4B-00C04F79EFBC}") = "Sample.Api.Tests", "tests\Sample.Api.Tests\Sample.Api.Tests.csproj", "{4045B240-3E00-4504-8069-0D2F42A8EDF9}"
EndProject
Project("{2150E333-8FDC-42A3-9474-1A3956D46DE8}") = "Solution Items", "Solution Items", "{67F87FD6-5DD4-4240-BB68-E1151179CD24}"
	ProjectSection(SolutionItems) = preProject
		docker-compose.yml = docker-compose.yml
	EndProjectSection
EndProject
Global
	GlobalSection(SolutionConfigurationPlatforms) = preSolution
		Debug|Any CPU = Debug|Any CPU
		Release|Any CPU = Release|Any CPU
	EndGlobalSection
	GlobalSection(SolutionProperties) = preSolution
		HideSolutionNode = FALSE
	EndGlobalSection
	GlobalSection(ProjectConfigurationPlatforms) = postSolution
		{B10C089E-0F37-4D11-A097-293D7CED74EB}.Debug|Any CPU.ActiveCfg = Debug|Any CPU
		{B10C089E-0F37-4D11-A097-293D7CED74EB}.Debug|Any CPU.Build.0 = Debug|Any CPU
		{B10C089E-0F37-4D11-A097-293D7CED74EB}.Release|Any CPU.ActiveCfg = Release|Any CPU
		{B10C089E-0F37-4D11-A097-293D7CED74EB}.Release|Any CPU.Build.0 = Release|Any CPU
		{4045B240-3E00-4504-8069-0D2F42A8EDF9}.Debug|Any CPU.ActiveCfg = Debug|Any CPU
		{4045B240-3E00-4504-8069-0D2F42A8EDF9}.Debug|Any CPU.Build.0 = Debug|Any CPU
		{4045B240-3E00-4504-8069-0D2F42A8EDF9}.Release|Any CPU.ActiveCfg = Release|Any CPU
		{4045B240-3E00-4504-8069-0D2F42A8EDF9}.Release|Any CPU.Build.0 = Release|Any CPU
	EndGlobalSection
	GlobalSection(NestedProjects) = preSolution
		{B10C089E-0F37-4D11-A097-293D7CED74EB} = {A7DD3262-2D31-4C45-9735-B51ED86862CE}
		{4045B240-3E00-4504-8069-0D2F42A8EDF9} = {3A73CFF6-0F68-40FA-BD4D-298AEA0A0D17}
	EndGlobalSection
EndGlobal
